// !$*UTF8*$!
{
	archiveVersion = 1;
	classes = {
	};
	objectVersion = 46;
	objects = {

/* Begin PBXBuildFile section */
		4AC2B55C1E5D9AD1009EE704 /* PullToControlWindow.m in Sources */ = {isa = PBXBuildFile; fileRef = 4AC2B55B1E5D9AD1009EE704 /* PullToControlWindow.m */; };
		4AE068831E5D86BA005969CD /* AppDelegate.m in Sources */ = {isa = PBXBuildFile; fileRef = 4AE068821E5D86BA005969CD /* AppDelegate.m */; };
		4AE068861E5D86BA005969CD /* main.m in Sources */ = {isa = PBXBuildFile; fileRef = 4AE068851E5D86BA005969CD /* main.m */; };
		4AE068881E5D86BA005969CD /* Assets.xcassets in Resources */ = {isa = PBXBuildFile; fileRef = 4AE068871E5D86BA005969CD /* Assets.xcassets */; };
		4AE0688B1E5D86BA005969CD /* MainMenu.xib in Resources */ = {isa = PBXBuildFile; fileRef = 4AE068891E5D86BA005969CD /* MainMenu.xib */; };
/* End PBXBuildFile section */

/* Begin PBXFileReference section */
		4AC2B55A1E5D9AD1009EE704 /* PullToControlWindow.h */ = {isa = PBXFileReference; fileEncoding = 4; lastKnownFileType = sourcecode.c.h; path = PullToControlWindow.h; sourceTree = "<group>"; };
		4AC2B55B1E5D9AD1009EE704 /* PullToControlWindow.m */ = {isa = PBXFileReference; fileEncoding = 4; lastKnownFileType = sourcecode.c.objc; path = PullToControlWindow.m; sourceTree = "<group>"; };
		4AE0687E1E5D86BA005969CD /* PullToControl.app */ = {isa = PBXFileReference; explicitFileType = wrapper.application; includeInIndex = 0; path = PullToControl.app; sourceTree = BUILT_PRODUCTS_DIR; };
		4AE068811E5D86BA005969CD /* AppDelegate.h */ = {isa = PBXFileReference; lastKnownFileType = sourcecode.c.h; path = AppDelegate.h; sourceTree = "<group>"; };
		4AE068821E5D86BA005969CD /* AppDelegate.m */ = {isa = PBXFileReference; lastKnownFileType = sourcecode.c.objc; path = AppDelegate.m; sourceTree = "<group>"; };
		4AE068851E5D86BA005969CD /* main.m */ = {isa = PBXFileReference; lastKnownFileType = sourcecode.c.objc; path = main.m; sourceTree = "<group>"; };
		4AE068871E5D86BA005969CD /* Assets.xcassets */ = {isa = PBXFileReference; lastKnownFileType = folder.assetcatalog; path = Assets.xcassets; sourceTree = "<group>"; };
		4AE0688A1E5D86BA005969CD /* Base */ = {isa = PBXFileReference; lastKnownFileType = file.xib; name = Base; path = Base.lproj/MainMenu.xib; sourceTree = "<group>"; };
		4AE0688C1E5D86BA005969CD /* Info.plist */ = {isa = PBXFileReference; lastKnownFileType = text.plist.xml; path = Info.plist; sourceTree = "<group>"; };
/* End PBXFileReference section */

/* Begin PBXFrameworksBuildPhase section */
		4AE0687B1E5D86BA005969CD /* Frameworks */ = {
			isa = PBXFrameworksBuildPhase;
			buildActionMask = 2147483647;
			files = (
			);
			runOnlyForDeploymentPostprocessing = 0;
		};
/* End PBXFrameworksBuildPhase section */

/* Begin PBXGroup section */
		4AE068751E5D86BA005969CD = {
			isa = PBXGroup;
			children = (
				4AE068801E5D86BA005969CD /* PullToControl */,
				4AE0687F1E5D86BA005969CD /* Products */,
			);
			sourceTree = "<group>";
		};
		4AE0687F1E5D86BA005969CD /* Products */ = {
			isa = PBXGroup;
			children = (
				4AE0687E1E5D86BA005969CD /* PullToControl.app */,
			);
			name = Products;
			sourceTree = "<group>";
		};
		4AE068801E5D86BA005969CD /* PullToControl */ = {
			isa = PBXGroup;
			children = (
				4AE068811E5D86BA005969CD /* AppDelegate.h */,
				4AE068821E5D86BA005969CD /* AppDelegate.m */,
				4AE068871E5D86BA005969CD /* Assets.xcassets */,
				4AE068891E5D86BA005969CD /* MainMenu.xib */,
				4AE0688C1E5D86BA005969CD /* Info.plist */,
				4AE068841E5D86BA005969CD /* Supporting Files */,
				4AC2B55A1E5D9AD1009EE704 /* PullToControlWindow.h */,
				4AC2B55B1E5D9AD1009EE704 /* PullToControlWindow.m */,
			);
			path = PullToControl;
			sourceTree = "<group>";
		};
		4AE068841E5D86BA005969CD /* Supporting Files */ = {
			isa = PBXGroup;
			children = (
				4AE068851E5D86BA005969CD /* main.m */,
			);
			name = "Supporting Files";
			sourceTree = "<group>";
		};
/* End PBXGroup section */

/* Begin PBXNativeTarget section */
		4AE0687D1E5D86BA005969CD /* PullToControl */ = {
			isa = PBXNativeTarget;
			buildConfigurationList = 4AE0688F1E5D86BA005969CD /* Build configuration list for PBXNativeTarget "PullToControl" */;
			buildPhases = (
				4AE0687A1E5D86BA005969CD /* Sources */,
				4AE0687B1E5D86BA005969CD /* Frameworks */,
				4AE0687C1E5D86BA005969CD /* Resources */,
			);
			buildRules = (
			);
			dependencies = (
			);
			name = PullToControl;
			productName = PullToControl;
			productReference = 4AE0687E1E5D86BA005969CD /* PullToControl.app */;
			productType = "com.apple.product-type.application";
		};
/* End PBXNativeTarget section */

/* Begin PBXProject section */
		4AE068761E5D86BA005969CD /* Project object */ = {
			isa = PBXProject;
			attributes = {
				LastUpgradeCheck = 0730;
				ORGANIZATIONNAME = Nita;
				TargetAttributes = {
					4AE0687D1E5D86BA005969CD = {
						CreatedOnToolsVersion = 7.3.1;
					};
				};
			};
			buildConfigurationList = 4AE068791E5D86BA005969CD /* Build configuration list for PBXProject "PullToControl" */;
			compatibilityVersion = "Xcode 3.2";
			developmentRegion = English;
			hasScannedForEncodings = 0;
			knownRegions = (
				en,
				Base,
			);
			mainGroup = 4AE068751E5D86BA005969CD;
			productRefGroup = 4AE0687F1E5D86BA005969CD /* Products */;
			projectDirPath = "";
			projectRoot = "";
			targets = (
				4AE0687D1E5D86BA005969CD /* PullToControl */,
			);
		};
/* End PBXProject section */

/* Begin PBXResourcesBuildPhase section */
		4AE0687C1E5D86BA005969CD /* Resources */ = {
			isa = PBXResourcesBuildPhase;
			buildActionMask = 2147483647;
			files = (
				4AE068881E5D86BA005969CD /* Assets.xcassets in Resources */,
				4AE0688B1E5D86BA005969CD /* MainMenu.xib in Resources */,
			);
			runOnlyForDeploymentPostprocessing = 0;
		};
/* End PBXResourcesBuildPhase section */

/* Begin PBXSourcesBuildPhase section */
		4AE0687A1E5D86BA005969CD /* Sources */ = {
			isa = PBXSourcesBuildPhase;
			buildActionMask = 2147483647;
			files = (
				4AE068861E5D86BA005969CD /* main.m in Sources */,
				4AE068831E5D86BA005969CD /* AppDelegate.m in Sources */,
				4AC2B55C1E5D9AD1009EE704 /* PullToControlWindow.m in Sources */,
			);
			runOnlyForDeploymentPostprocessing = 0;
		};
/* End PBXSourcesBuildPhase section */

/* Begin PBXVariantGroup section */
		4AE068891E5D86BA005969CD /* MainMenu.xib */ = {
			isa = PBXVariantGroup;
			children = (
				4AE0688A1E5D86BA005969CD /* Base */,
			);
			name = MainMenu.xib;
			sourceTree = "<group>";
		};
/* End PBXVariantGroup section */

/* Begin XCBuildConfiguration section */
		4AE0688D1E5D86BA005969CD /* Debug */ = {
			isa = XCBuildConfiguration;
			buildSettings = {
				ALWAYS_SEARCH_USER_PATHS = NO;
				CLANG_ANALYZER_NONNULL = YES;
				CLANG_CXX_LANGUAGE_STANDARD = "gnu++0x";
				CLANG_CXX_LIBRARY = "libc++";
				CLANG_ENABLE_MODULES = YES;
				CLANG_ENABLE_OBJC_ARC = YES;
				CLANG_WARN_BOOL_CONVERSION = YES;
				CLANG_WARN_CONSTANT_CONVERSION = YES;
				CLANG_WARN_DIRECT_OBJC_ISA_USAGE = YES_ERROR;
				CLANG_WARN_EMPTY_BODY = YES;
				CLANG_WARN_ENUM_CONVERSION = YES;
				CLANG_WARN_INT_CONVERSION = YES;
				CLANG_WARN_OBJC_ROOT_CLASS = YES_ERROR;
				CLANG_WARN_UNREACHABLE_CODE = YES;
				CLANG_WARN__DUPLICATE_METHOD_MATCH = YES;
				CODE_SIGN_IDENTITY = "-";
				COPY_PHASE_STRIP = NO;
				DEBUG_INFORMATION_FORMAT = dwarf;
				ENABLE_STRICT_OBJC_MSGSEND = YES;
				ENABLE_TESTABILITY = YES;
				GCC_C_LANGUAGE_STANDARD = gnu99;
				GCC_DYNAMIC_NO_PIC = NO;
				GCC_NO_COMMON_BLOCKS = YES;
				GCC_OPTIMIZATION_LEVEL = 0;
				GCC_PREPROCESSOR_DEFINITIONS = (
					"DEBUG=1",
					"$(inherited)",
				);
				GCC_WARN_64_TO_32_BIT_CONVERSION = YES;
				GCC_WARN_ABOUT_RETURN_TYPE = YES_ERROR;
				GCC_WARN_UNDECLARED_SELECTOR = YES;
				GCC_WARN_UNINITIALIZED_AUTOS = YES_AGGRESSIVE;
				GCC_WARN_UNUSED_FUNCTION = YES;
				GCC_WARN_UNUSED_VARIABLE = YES;
				MACOSX_DEPLOYMENT_TARGET = 10.11;
				MTL_ENABLE_DEBUG_INFO = YES;
				ONLY_ACTIVE_ARCH = YES;
				SDKROOT = macosx;
			};
			name = Debug;
		};
		4AE0688E1E5D86BA005969CD /* Release */ = {
			isa = XCBuildConfiguration;
			buildSettings = {
				ALWAYS_SEARCH_USER_PATHS = NO;
				CLANG_ANALYZER_NONNULL = YES;
				CLANG_CXX_LANGUAGE_STANDARD = "gnu++0x";
				CLANG_CXX_LIBRARY = "libc++";
				CLANG_ENABLE_MODULES = YES;
				CLANG_ENABLE_OBJC_ARC = YES;
				CLANG_WARN_BOOL_CONVERSION = YES;
				CLANG_WARN_CONSTANT_CONVERSION = YES;
				CLANG_WARN_DIRECT_OBJC_ISA_USAGE = YES_ERROR;
				CLANG_WARN_EMPTY_BODY = YES;
				CLANG_WARN_ENUM_CONVERSION = YES;
				CLANG_WARN_INT_CONVERSION = YES;
				CLANG_WARN_OBJC_ROOT_CLASS = YES_ERROR;
				CLANG_WARN_UNREACHABLE_CODE = YES;
				CLANG_WARN__DUPLICATE_METHOD_MATCH = YES;
				CODE_SIGN_IDENTITY = "-";
				COPY_PHASE_STRIP = NO;
				DEBUG_INFORMATION_FORMAT = "dwarf-with-dsym";
				ENABLE_NS_ASSERTIONS = NO;
				ENABLE_STRICT_OBJC_MSGSEND = YES;
				GCC_C_LANGUAGE_STANDARD = gnu99;
				GCC_NO_COMMON_BLOCKS = YES;
				GCC_WARN_64_TO_32_BIT_CONVERSION = YES;
				GCC_WARN_ABOUT_RETURN_TYPE = YES_ERROR;
				GCC_WARN_UNDECLARED_SELECTOR = YES;
				GCC_WARN_UNINITIALIZED_AUTOS = YES_AGGRESSIVE;
				GCC_WARN_UNUSED_FUNCTION = YES;
				GCC_WARN_UNUSED_VARIABLE = YES;
				MACOSX_DEPLOYMENT_TARGET = 10.11;
				MTL_ENABLE_DEBUG_INFO = NO;
				SDKROOT = macosx;
			};
			name = Release;
		};
		4AE068901E5D86BA005969CD /* Debug */ = {
			isa = XCBuildConfiguration;
			buildSettings = {
				ASSETCATALOG_COMPILER_APPICON_NAME = AppIcon;
				COMBINE_HIDPI_IMAGES = YES;
				INFOPLIST_FILE = PullToControl/Info.plist;
				LD_RUNPATH_SEARCH_PATHS = "$(inherited) @executable_path/../Frameworks";
				PRODUCT_BUNDLE_IDENTIFIER = jp.nita.PullToControl;
				PRODUCT_NAME = "$(TARGET_NAME)";
			};
			name = Debug;
		};
		4AE068911E5D86BA005969CD /* Release */ = {
			isa = XCBuildConfiguration;
			buildSettings = {
				ASSETCATALOG_COMPILER_APPICON_NAME = AppIcon;
				COMBINE_HIDPI_IMAGES = YES;
				INFOPLIST_FILE = PullToControl/Info.plist;
				LD_RUNPATH_SEARCH_PATHS = "$(inherited) @executable_path/../Frameworks";
				PRODUCT_BUNDLE_IDENTIFIER = jp.nita.PullToControl;
				PRODUCT_NAME = "$(TARGET_NAME)";
			};
			name = Release;
		};
/* End XCBuildConfiguration section */

/* Begin XCConfigurationList section */
		4AE068791E5D86BA005969CD /* Build configuration list for PBXProject "PullToControl" */ = {
			isa = XCConfigurationList;
			buildConfigurations = (
				4AE0688D1E5D86BA005969CD /* Debug */,
				4AE0688E1E5D86BA005969CD /* Release */,
			);
			defaultConfigurationIsVisible = 0;
			defaultConfigurationName = Release;
		};
		4AE0688F1E5D86BA005969CD /* Build configuration list for PBXNativeTarget "PullToControl" */ = {
			isa = XCConfigurationList;
			buildConfigurations = (
				4AE068901E5D86BA005969CD /* Debug */,
				4AE068911E5D86BA005969CD /* Release */,
			);
			defaultConfigurationIsVisible = 0;
			defaultConfigurationName = Release;
		};
/* End XCConfigurationList section */
	};
	rootObject = 4AE068761E5D86BA005969CD /* Project object */;
}
